// !$*UTF8*$!
{
	archiveVersion = 1;
	classes = {
	};
	objectVersion = 46;
	objects = {

/* Begin PBXBuildFile section */
		546350541A64C2BA00BD4EA1 /* AppDelegate.swift in Sources */ = {isa = PBXBuildFile; fileRef = 546350531A64C2BA00BD4EA1 /* AppDelegate.swift */; };
		546350561A64C2BA00BD4EA1 /* ViewController.swift in Sources */ = {isa = PBXBuildFile; fileRef = 546350551A64C2BA00BD4EA1 /* ViewController.swift */; };
		546350591A64C2BA00BD4EA1 /* Main.storyboard in Resources */ = {isa = PBXBuildFile; fileRef = 546350571A64C2BA00BD4EA1 /* Main.storyboard */; };
		5463505B1A64C2BA00BD4EA1 /* Images.xcassets in Resources */ = {isa = PBXBuildFile; fileRef = 5463505A1A64C2BA00BD4EA1 /* Images.xcassets */; };
		5463505E1A64C2BA00BD4EA1 /* LaunchScreen.xib in Resources */ = {isa = PBXBuildFile; fileRef = 5463505C1A64C2BA00BD4EA1 /* LaunchScreen.xib */; };
		5463506A1A64C2BA00BD4EA1 /* PostCardTests.swift in Sources */ = {isa = PBXBuildFile; fileRef = 546350691A64C2BA00BD4EA1 /* PostCardTests.swift */; };
/* End PBXBuildFile section */

/* Begin PBXContainerItemProxy section */
		546350641A64C2BA00BD4EA1 /* PBXContainerItemProxy */ = {
			isa = PBXContainerItemProxy;
			containerPortal = 546350461A64C2BA00BD4EA1 /* Project object */;
			proxyType = 1;
			remoteGlobalIDString = 5463504D1A64C2BA00BD4EA1;
			remoteInfo = PostCard;
		};
/* End PBXContainerItemProxy section */

/* Begin PBXFileReference section */
		5463504E1A64C2BA00BD4EA1 /* PostCard.app */ = {isa = PBXFileReference; explicitFileType = wrapper.application; includeInIndex = 0; path = PostCard.app; sourceTree = BUILT_PRODUCTS_DIR; };
		546350521A64C2BA00BD4EA1 /* Info.plist */ = {isa = PBXFileReference; lastKnownFileType = text.plist.xml; path = Info.plist; sourceTree = "<group>"; };
		546350531A64C2BA00BD4EA1 /* AppDelegate.swift */ = {isa = PBXFileReference; lastKnownFileType = sourcecode.swift; path = AppDelegate.swift; sourceTree = "<group>"; };
		546350551A64C2BA00BD4EA1 /* ViewController.swift */ = {isa = PBXFileReference; lastKnownFileType = sourcecode.swift; path = ViewController.swift; sourceTree = "<group>"; };
		546350581A64C2BA00BD4EA1 /* Base */ = {isa = PBXFileReference; lastKnownFileType = file.storyboard; name = Base; path = Base.lproj/Main.storyboard; sourceTree = "<group>"; };
		5463505A1A64C2BA00BD4EA1 /* Images.xcassets */ = {isa = PBXFileReference; lastKnownFileType = folder.assetcatalog; path = Images.xcassets; sourceTree = "<group>"; };
		5463505D1A64C2BA00BD4EA1 /* Base */ = {isa = PBXFileReference; lastKnownFileType = file.xib; name = Base; path = Base.lproj/LaunchScreen.xib; sourceTree = "<group>"; };
		546350631A64C2BA00BD4EA1 /* PostCardTests.xctest */ = {isa = PBXFileReference; explicitFileType = wrapper.cfbundle; includeInIndex = 0; path = PostCardTests.xctest; sourceTree = BUILT_PRODUCTS_DIR; };
		546350681A64C2BA00BD4EA1 /* Info.plist */ = {isa = PBXFileReference; lastKnownFileType = text.plist.xml; path = Info.plist; sourceTree = "<group>"; };
		546350691A64C2BA00BD4EA1 /* PostCardTests.swift */ = {isa = PBXFileReference; lastKnownFileType = sourcecode.swift; path = PostCardTests.swift; sourceTree = "<group>"; };
/* End PBXFileReference section */

/* Begin PBXFrameworksBuildPhase section */
		5463504B1A64C2BA00BD4EA1 /* Frameworks */ = {
			isa = PBXFrameworksBuildPhase;
			buildActionMask = 2147483647;
			files = (
			);
			runOnlyForDeploymentPostprocessing = 0;
		};
		546350601A64C2BA00BD4EA1 /* Frameworks */ = {
			isa = PBXFrameworksBuildPhase;
			buildActionMask = 2147483647;
			files = (
			);
			runOnlyForDeploymentPostprocessing = 0;
		};
/* End PBXFrameworksBuildPhase section */

/* Begin PBXGroup section */
		546350451A64C2BA00BD4EA1 = {
			isa = PBXGroup;
			children = (
				546350501A64C2BA00BD4EA1 /* PostCard */,
				546350661A64C2BA00BD4EA1 /* PostCardTests */,
				5463504F1A64C2BA00BD4EA1 /* Products */,
			);
			sourceTree = "<group>";
		};
		5463504F1A64C2BA00BD4EA1 /* Products */ = {
			isa = PBXGroup;
			children = (
				5463504E1A64C2BA00BD4EA1 /* PostCard.app */,
				546350631A64C2BA00BD4EA1 /* PostCardTests.xctest */,
			);
			name = Products;
			sourceTree = "<group>";
		};
		546350501A64C2BA00BD4EA1 /* PostCard */ = {
			isa = PBXGroup;
			children = (
				546350531A64C2BA00BD4EA1 /* AppDelegate.swift */,
				546350551A64C2BA00BD4EA1 /* ViewController.swift */,
				546350571A64C2BA00BD4EA1 /* Main.storyboard */,
				5463505A1A64C2BA00BD4EA1 /* Images.xcassets */,
				5463505C1A64C2BA00BD4EA1 /* LaunchScreen.xib */,
				546350511A64C2BA00BD4EA1 /* Supporting Files */,
			);
			path = PostCard;
			sourceTree = "<group>";
		};
		546350511A64C2BA00BD4EA1 /* Supporting Files */ = {
			isa = PBXGroup;
			children = (
				546350521A64C2BA00BD4EA1 /* Info.plist */,
			);
			name = "Supporting Files";
			sourceTree = "<group>";
		};
		546350661A64C2BA00BD4EA1 /* PostCardTests */ = {
			isa = PBXGroup;
			children = (
				546350691A64C2BA00BD4EA1 /* PostCardTests.swift */,
				546350671A64C2BA00BD4EA1 /* Supporting Files */,
			);
			path = PostCardTests;
			sourceTree = "<group>";
		};
		546350671A64C2BA00BD4EA1 /* Supporting Files */ = {
			isa = PBXGroup;
			children = (
				546350681A64C2BA00BD4EA1 /* Info.plist */,
			);
			name = "Supporting Files";
			sourceTree = "<group>";
		};
/* End PBXGroup section */

/* Begin PBXNativeTarget section */
		5463504D1A64C2BA00BD4EA1 /* PostCard */ = {
			isa = PBXNativeTarget;
			buildConfigurationList = 5463506D1A64C2BA00BD4EA1 /* Build configuration list for PBXNativeTarget "PostCard" */;
			buildPhases = (
				5463504A1A64C2BA00BD4EA1 /* Sources */,
				5463504B1A64C2BA00BD4EA1 /* Frameworks */,
				5463504C1A64C2BA00BD4EA1 /* Resources */,
			);
			buildRules = (
			);
			dependencies = (
			);
			name = PostCard;
			productName = PostCard;
			productReference = 5463504E1A64C2BA00BD4EA1 /* PostCard.app */;
			productType = "com.apple.product-type.application";
		};
		546350621A64C2BA00BD4EA1 /* PostCardTests */ = {
			isa = PBXNativeTarget;
			buildConfigurationList = 546350701A64C2BA00BD4EA1 /* Build configuration list for PBXNativeTarget "PostCardTests" */;
			buildPhases = (
				5463505F1A64C2BA00BD4EA1 /* Sources */,
				546350601A64C2BA00BD4EA1 /* Frameworks */,
				546350611A64C2BA00BD4EA1 /* Resources */,
			);
			buildRules = (
			);
			dependencies = (
				546350651A64C2BA00BD4EA1 /* PBXTargetDependency */,
			);
			name = PostCardTests;
			productName = PostCardTests;
			productReference = 546350631A64C2BA00BD4EA1 /* PostCardTests.xctest */;
			productType = "com.apple.product-type.bundle.unit-test";
		};
/* End PBXNativeTarget section */

/* Begin PBXProject section */
		546350461A64C2BA00BD4EA1 /* Project object */ = {
			isa = PBXProject;
			attributes = {
				LastUpgradeCheck = 0610;
				ORGANIZATIONNAME = "Robb Sarchet";
				TargetAttributes = {
					5463504D1A64C2BA00BD4EA1 = {
						CreatedOnToolsVersion = 6.1.1;
					};
					546350621A64C2BA00BD4EA1 = {
						CreatedOnToolsVersion = 6.1.1;
						TestTargetID = 5463504D1A64C2BA00BD4EA1;
					};
				};
			};
			buildConfigurationList = 546350491A64C2BA00BD4EA1 /* Build configuration list for PBXProject "PostCard" */;
			compatibilityVersion = "Xcode 3.2";
			developmentRegion = English;
			hasScannedForEncodings = 0;
			knownRegions = (
				en,
				Base,
			);
			mainGroup = 546350451A64C2BA00BD4EA1;
			productRefGroup = 5463504F1A64C2BA00BD4EA1 /* Products */;
			projectDirPath = "";
			projectRoot = "";
			targets = (
				5463504D1A64C2BA00BD4EA1 /* PostCard */,
				546350621A64C2BA00BD4EA1 /* PostCardTests */,
			);
		};
/* End PBXProject section */

/* Begin PBXResourcesBuildPhase section */
		5463504C1A64C2BA00BD4EA1 /* Resources */ = {
			isa = PBXResourcesBuildPhase;
			buildActionMask = 2147483647;
			files = (
				546350591A64C2BA00BD4EA1 /* Main.storyboard in Resources */,
				5463505E1A64C2BA00BD4EA1 /* LaunchScreen.xib in Resources */,
				5463505B1A64C2BA00BD4EA1 /* Images.xcassets in Resources */,
			);
			runOnlyForDeploymentPostprocessing = 0;
		};
		546350611A64C2BA00BD4EA1 /* Resources */ = {
			isa = PBXResourcesBuildPhase;
			buildActionMask = 2147483647;
			files = (
			);
			runOnlyForDeploymentPostprocessing = 0;
		};
/* End PBXResourcesBuildPhase section */

/* Begin PBXSourcesBuildPhase section */
		5463504A1A64C2BA00BD4EA1 /* Sources */ = {
			isa = PBXSourcesBuildPhase;
			buildActionMask = 2147483647;
			files = (
				546350561A64C2BA00BD4EA1 /* ViewController.swift in Sources */,
				546350541A64C2BA00BD4EA1 /* AppDelegate.swift in Sources */,
			);
			runOnlyForDeploymentPostprocessing = 0;
		};
		5463505F1A64C2BA00BD4EA1 /* Sources */ = {
			isa = PBXSourcesBuildPhase;
			buildActionMask = 2147483647;
			files = (
				5463506A1A64C2BA00BD4EA1 /* PostCardTests.swift in Sources */,
			);
			runOnlyForDeploymentPostprocessing = 0;
		};
/* End PBXSourcesBuildPhase section */

/* Begin PBXTargetDependency section */
		546350651A64C2BA00BD4EA1 /* PBXTargetDependency */ = {
			isa = PBXTargetDependency;
			target = 5463504D1A64C2BA00BD4EA1 /* PostCard */;
			targetProxy = 546350641A64C2BA00BD4EA1 /* PBXContainerItemProxy */;
		};
/* End PBXTargetDependency section */

/* Begin PBXVariantGroup section */
		546350571A64C2BA00BD4EA1 /* Main.storyboard */ = {
			isa = PBXVariantGroup;
			children = (
				546350581A64C2BA00BD4EA1 /* Base */,
			);
			name = Main.storyboard;
			sourceTree = "<group>";
		};
		5463505C1A64C2BA00BD4EA1 /* LaunchScreen.xib */ = {
			isa = PBXVariantGroup;
			children = (
				5463505D1A64C2BA00BD4EA1 /* Base */,
			);
			name = LaunchScreen.xib;
			sourceTree = "<group>";
		};
/* End PBXVariantGroup section */

/* Begin XCBuildConfiguration section */
		5463506B1A64C2BA00BD4EA1 /* Debug */ = {
			isa = XCBuildConfiguration;
			buildSettings = {
				ALWAYS_SEARCH_USER_PATHS = NO;
				CLANG_CXX_LANGUAGE_STANDARD = "gnu++0x";
				CLANG_CXX_LIBRARY = "libc++";
				CLANG_ENABLE_MODULES = YES;
				CLANG_ENABLE_OBJC_ARC = YES;
				CLANG_WARN_BOOL_CONVERSION = YES;
				CLANG_WARN_CONSTANT_CONVERSION = YES;
				CLANG_WARN_DIRECT_OBJC_ISA_USAGE = YES_ERROR;
				CLANG_WARN_EMPTY_BODY = YES;
				CLANG_WARN_ENUM_CONVERSION = YES;
				CLANG_WARN_INT_CONVERSION = YES;
				CLANG_WARN_OBJC_ROOT_CLASS = YES_ERROR;
				CLANG_WARN_UNREACHABLE_CODE = YES;
				CLANG_WARN__DUPLICATE_METHOD_MATCH = YES;
				"CODE_SIGN_IDENTITY[sdk=iphoneos*]" = "iPhone Developer";
				COPY_PHASE_STRIP = NO;
				ENABLE_STRICT_OBJC_MSGSEND = YES;
				GCC_C_LANGUAGE_STANDARD = gnu99;
				GCC_DYNAMIC_NO_PIC = NO;
				GCC_OPTIMIZATION_LEVEL = 0;
				GCC_PREPROCESSOR_DEFINITIONS = (
					"DEBUG=1",
					"$(inherited)",
				);
				GCC_SYMBOLS_PRIVATE_EXTERN = NO;
				GCC_WARN_64_TO_32_BIT_CONVERSION = YES;
				GCC_WARN_ABOUT_RETURN_TYPE = YES_ERROR;
				GCC_WARN_UNDECLARED_SELECTOR = YES;
				GCC_WARN_UNINITIALIZED_AUTOS = YES_AGGRESSIVE;
				GCC_WARN_UNUSED_FUNCTION = YES;
				GCC_WARN_UNUSED_VARIABLE = YES;
				IPHONEOS_DEPLOYMENT_TARGET = 8.1;
				MTL_ENABLE_DEBUG_INFO = YES;
				ONLY_ACTIVE_ARCH = YES;
				SDKROOT = iphoneos;
				SWIFT_OPTIMIZATION_LEVEL = "-Onone";
				TARGETED_DEVICE_FAMILY = "1,2";
			};
			name = Debug;
		};
		5463506C1A64C2BA00BD4EA1 /* Release */ = {
			isa = XCBuildConfiguration;
			buildSettings = {
				ALWAYS_SEARCH_USER_PATHS = NO;
				CLANG_CXX_LANGUAGE_STANDARD = "gnu++0x";
				CLANG_CXX_LIBRARY = "libc++";
				CLANG_ENABLE_MODULES = YES;
				CLANG_ENABLE_OBJC_ARC = YES;
				CLANG_WARN_BOOL_CONVERSION = YES;
				CLANG_WARN_CONSTANT_CONVERSION = YES;
				CLANG_WARN_DIRECT_OBJC_ISA_USAGE = YES_ERROR;
				CLANG_WARN_EMPTY_BODY = YES;
				CLANG_WARN_ENUM_CONVERSION = YES;
				CLANG_WARN_INT_CONVERSION = YES;
				CLANG_WARN_OBJC_ROOT_CLASS = YES_ERROR;
				CLANG_WARN_UNREACHABLE_CODE = YES;
				CLANG_WARN__DUPLICATE_METHOD_MATCH = YES;
				"CODE_SIGN_IDENTITY[sdk=iphoneos*]" = "iPhone Developer";
				COPY_PHASE_STRIP = YES;
				ENABLE_NS_ASSERTIONS = NO;
				ENABLE_STRICT_OBJC_MSGSEND = YES;
				GCC_C_LANGUAGE_STANDARD = gnu99;
				GCC_WARN_64_TO_32_BIT_CONVERSION = YES;
				GCC_WARN_ABOUT_RETURN_TYPE = YES_ERROR;
				GCC_WARN_UNDECLARED_SELECTOR = YES;
				GCC_WARN_UNINITIALIZED_AUTOS = YES_AGGRESSIVE;
				GCC_WARN_UNUSED_FUNCTION = YES;
				GCC_WARN_UNUSED_VARIABLE = YES;
				IPHONEOS_DEPLOYMENT_TARGET = 8.1;
				MTL_ENABLE_DEBUG_INFO = NO;
				SDKROOT = iphoneos;
				TARGETED_DEVICE_FAMILY = "1,2";
				VALIDATE_PRODUCT = YES;
			};
			name = Release;
		};
		5463506E1A64C2BA00BD4EA1 /* Debug */ = {
			isa = XCBuildConfiguration;
			buildSettings = {
				ASSETCATALOG_COMPILER_APPICON_NAME = AppIcon;
				INFOPLIST_FILE = PostCard/Info.plist;
				LD_RUNPATH_SEARCH_PATHS = "$(inherited) @executable_path/Frameworks";
				PRODUCT_NAME = "$(TARGET_NAME)";
			};
			name = Debug;
		};
		5463506F1A64C2BA00BD4EA1 /* Release */ = {
			isa = XCBuildConfiguration;
			buildSettings = {
				ASSETCATALOG_COMPILER_APPICON_NAME = AppIcon;
				INFOPLIST_FILE = PostCard/Info.plist;
				LD_RUNPATH_SEARCH_PATHS = "$(inherited) @executable_path/Frameworks";
				PRODUCT_NAME = "$(TARGET_NAME)";
			};
			name = Release;
		};
		546350711A64C2BA00BD4EA1 /* Debug */ = {
			isa = XCBuildConfiguration;
			buildSettings = {
				BUNDLE_LOADER = "$(TEST_HOST)";
				FRAMEWORK_SEARCH_PATHS = (
					"$(SDKROOT)/Developer/Library/Frameworks",
					"$(inherited)",
				);
				GCC_PREPROCESSOR_DEFINITIONS = (
					"DEBUG=1",
					"$(inherited)",
				);
				INFOPLIST_FILE = PostCardTests/Info.plist;
				LD_RUNPATH_SEARCH_PATHS = "$(inherited) @executable_path/Frameworks @loader_path/Frameworks";
				PRODUCT_NAME = "$(TARGET_NAME)";
				TEST_HOST = "$(BUILT_PRODUCTS_DIR)/PostCard.app/PostCard";
			};
			name = Debug;
		};
		546350721A64C2BA00BD4EA1 /* Release */ = {
			isa = XCBuildConfiguration;
			buildSettings = {
				BUNDLE_LOADER = "$(TEST_HOST)";
				FRAMEWORK_SEARCH_PATHS = (
					"$(SDKROOT)/Developer/Library/Frameworks",
					"$(inherited)",
				);
				INFOPLIST_FILE = PostCardTests/Info.plist;
				LD_RUNPATH_SEARCH_PATHS = "$(inherited) @executable_path/Frameworks @loader_path/Frameworks";
				PRODUCT_NAME = "$(TARGET_NAME)";
				TEST_HOST = "$(BUILT_PRODUCTS_DIR)/PostCard.app/PostCard";
			};
			name = Release;
		};
/* End XCBuildConfiguration section */

/* Begin XCConfigurationList section */
		546350491A64C2BA00BD4EA1 /* Build configuration list for PBXProject "PostCard" */ = {
			isa = XCConfigurationList;
			buildConfigurations = (
				5463506B1A64C2BA00BD4EA1 /* Debug */,
				5463506C1A64C2BA00BD4EA1 /* Release */,
			);
			defaultConfigurationIsVisible = 0;
			defaultConfigurationName = Release;
		};
		5463506D1A64C2BA00BD4EA1 /* Build configuration list for PBXNativeTarget "PostCard" */ = {
			isa = XCConfigurationList;
			buildConfigurations = (
				5463506E1A64C2BA00BD4EA1 /* Debug */,
				5463506F1A64C2BA00BD4EA1 /* Release */,
			);
			defaultConfigurationIsVisible = 0;
		};
		546350701A64C2BA00BD4EA1 /* Build configuration list for PBXNativeTarget "PostCardTests" */ = {
			isa = XCConfigurationList;
			buildConfigurations = (
				546350711A64C2BA00BD4EA1 /* Debug */,
				546350721A64C2BA00BD4EA1 /* Release */,
			);
			defaultConfigurationIsVisible = 0;
		};
/* End XCConfigurationList section */
	};
	rootObject = 546350461A64C2BA00BD4EA1 /* Project object */;
}
